version = 1
revision = 3
requires-python = ">=3.10"

[[package]]
name = "mlx"
version = "2.2"
source = { path = "mlx-2.2-py3-none-any.whl" }
wheels = [
    { filename = "mlx-2.2-py3-none-any.whl", hash = "sha256:7a1a44b50b6295f574522ba1a1e589632c6299d193dec57c951e8fdfb3337195" },
]

[[package]]
name = "pac-man"
version = "0.1.0"
source = { virtual = "." }
dependencies = [
    { name = "mlx" },
]

[package.metadata]
requires-dist = [{ name = "mlx", path = "mlx-2.2-py3-none-any.whl" }]
